// !$*UTF8*$!
{
	archiveVersion = 1;
	classes = {
	};
	objectVersion = 77;
	objects = {

/* Begin PBXBuildFile section */
		C32AF9C42D6632A1000EFFE0 /* ToDoDoList.xcdatamodeld in Sources */ = {isa = PBXBuildFile; fileRef = C32AF9BE2D6632A1000EFFE0 /* ToDoDoList.xcdatamodeld */; };
		C32AF9F52D676D8F000EFFE0 /* TaskManager.swift in Sources */ = {isa = PBXBuildFile; fileRef = C32AF9F42D676D8F000EFFE0 /* TaskManager.swift */; };
		C358A87E2D68ABF400FF246E /* Lottie in Frameworks */ = {isa = PBXBuildFile; productRef = C358A87D2D68ABF400FF246E /* Lottie */; };
		C358A8862D6C647900FF246E /* confetti.json in Resources */ = {isa = PBXBuildFile; fileRef = C358A8852D6C647900FF246E /* confetti.json */; };
		C358A8882D6C648600FF246E /* bomb.json in Resources */ = {isa = PBXBuildFile; fileRef = C358A8872D6C648600FF246E /* bomb.json */; };
		C3695CEE2D6F3C5300BB355A /* success.json in Resources */ = {isa = PBXBuildFile; fileRef = C3695CED2D6F3C5300BB355A /* success.json */; };
		C37B824B2D79B700005253AB /* darkLight.json in Resources */ = {isa = PBXBuildFile; fileRef = C37B824A2D79B700005253AB /* darkLight.json */; };
/* End PBXBuildFile section */

/* Begin PBXFileReference section */
		C31C03B42D65CF36009984B2 /* ToDoDoList.app */ = {isa = PBXFileReference; explicitFileType = wrapper.application; includeInIndex = 0; path = ToDoDoList.app; sourceTree = BUILT_PRODUCTS_DIR; };
		C32AF9C12D6632A1000EFFE0 /* ToDoDoList.xcdatamodel */ = {isa = PBXFileReference; lastKnownFileType = wrapper.xcdatamodel; path = ToDoDoList.xcdatamodel; sourceTree = "<group>"; };
		C32AF9F42D676D8F000EFFE0 /* TaskManager.swift */ = {isa = PBXFileReference; lastKnownFileType = sourcecode.swift; path = TaskManager.swift; sourceTree = "<group>"; };
		C358A8852D6C647900FF246E /* confetti.json */ = {isa = PBXFileReference; lastKnownFileType = text.json; path = confetti.json; sourceTree = "<group>"; };
		C358A8872D6C648600FF246E /* bomb.json */ = {isa = PBXFileReference; lastKnownFileType = text.json; path = bomb.json; sourceTree = "<group>"; };
		C3695CED2D6F3C5300BB355A /* success.json */ = {isa = PBXFileReference; lastKnownFileType = text.json; path = success.json; sourceTree = "<group>"; };
		C37B824A2D79B700005253AB /* darkLight.json */ = {isa = PBXFileReference; lastKnownFileType = text.json; path = darkLight.json; sourceTree = "<group>"; };
/* End PBXFileReference section */

/* Begin PBXFileSystemSynchronizedBuildFileExceptionSet section */
		C31C03C92D65CF37009984B2 /* Exceptions for "ToDoDoList" folder in "ToDoDoList" target */ = {
			isa = PBXFileSystemSynchronizedBuildFileExceptionSet;
			membershipExceptions = (
				Info.plist,
			);
			target = C31C03B32D65CF36009984B2 /* ToDoDoList */;
		};
/* End PBXFileSystemSynchronizedBuildFileExceptionSet section */

/* Begin PBXFileSystemSynchronizedRootGroup section */
		C31C03B62D65CF36009984B2 /* ToDoDoList */ = {
			isa = PBXFileSystemSynchronizedRootGroup;
			exceptions = (
				C31C03C92D65CF37009984B2 /* Exceptions for "ToDoDoList" folder in "ToDoDoList" target */,
			);
			path = ToDoDoList;
			sourceTree = "<group>";
		};
		C333F7DE2D65FC90001CC7A0 /* View */ = {
			isa = PBXFileSystemSynchronizedRootGroup;
			path = View;
			sourceTree = "<group>";
		};
/* End PBXFileSystemSynchronizedRootGroup section */

/* Begin PBXFrameworksBuildPhase section */
		C31C03B12D65CF36009984B2 /* Frameworks */ = {
			isa = PBXFrameworksBuildPhase;
			buildActionMask = 2147483647;
			files = (
				C358A87E2D68ABF400FF246E /* Lottie in Frameworks */,
			);
			runOnlyForDeploymentPostprocessing = 0;
		};
/* End PBXFrameworksBuildPhase section */

/* Begin PBXGroup section */
		C31C03AB2D65CF36009984B2 = {
			isa = PBXGroup;
			children = (
				C32AF9F12D676D64000EFFE0 /* CoreData */,
				C333F7DE2D65FC90001CC7A0 /* View */,
				C31C03B62D65CF36009984B2 /* ToDoDoList */,
				C31C03B52D65CF36009984B2 /* Products */,
				C358A8852D6C647900FF246E /* confetti.json */,
				C358A8872D6C648600FF246E /* bomb.json */,
				C3695CED2D6F3C5300BB355A /* success.json */,
				C37B824A2D79B700005253AB /* darkLight.json */,
			);
			sourceTree = "<group>";
		};
		C31C03B52D65CF36009984B2 /* Products */ = {
			isa = PBXGroup;
			children = (
				C31C03B42D65CF36009984B2 /* ToDoDoList.app */,
			);
			name = Products;
			sourceTree = "<group>";
		};
		C32AF9F12D676D64000EFFE0 /* CoreData */ = {
			isa = PBXGroup;
			children = (
				C32AF9BE2D6632A1000EFFE0 /* ToDoDoList.xcdatamodeld */,
				C32AF9F42D676D8F000EFFE0 /* TaskManager.swift */,
			);
			path = CoreData;
			sourceTree = "<group>";
		};
/* End PBXGroup section */

/* Begin PBXNativeTarget section */
		C31C03B32D65CF36009984B2 /* ToDoDoList */ = {
			isa = PBXNativeTarget;
			buildConfigurationList = C31C03CA2D65CF37009984B2 /* Build configuration list for PBXNativeTarget "ToDoDoList" */;
			buildPhases = (
				C31C03B02D65CF36009984B2 /* Sources */,
				C31C03B12D65CF36009984B2 /* Frameworks */,
				C31C03B22D65CF36009984B2 /* Resources */,
			);
			buildRules = (
			);
			dependencies = (
			);
			fileSystemSynchronizedGroups = (
				C31C03B62D65CF36009984B2 /* ToDoDoList */,
				C333F7DE2D65FC90001CC7A0 /* View */,
			);
			name = ToDoDoList;
			packageProductDependencies = (
				C358A87D2D68ABF400FF246E /* Lottie */,
			);
			productName = ToDoDoList;
			productReference = C31C03B42D65CF36009984B2 /* ToDoDoList.app */;
			productType = "com.apple.product-type.application";
		};
/* End PBXNativeTarget section */

/* Begin PBXProject section */
		C31C03AC2D65CF36009984B2 /* Project object */ = {
			isa = PBXProject;
			attributes = {
				BuildIndependentTargetsInParallel = 1;
				LastSwiftUpdateCheck = 1610;
				LastUpgradeCheck = 1610;
				TargetAttributes = {
					C31C03B32D65CF36009984B2 = {
						CreatedOnToolsVersion = 16.1;
					};
				};
			};
			buildConfigurationList = C31C03AF2D65CF36009984B2 /* Build configuration list for PBXProject "ToDoDoList" */;
			developmentRegion = en;
			hasScannedForEncodings = 0;
			knownRegions = (
				en,
				Base,
			);
			mainGroup = C31C03AB2D65CF36009984B2;
			minimizedProjectReferenceProxies = 1;
			packageReferences = (
				C358A87C2D68ABF400FF246E /* XCRemoteSwiftPackageReference "lottie-ios" */,
			);
			preferredProjectObjectVersion = 77;
			productRefGroup = C31C03B52D65CF36009984B2 /* Products */;
			projectDirPath = "";
			projectRoot = "";
			targets = (
				C31C03B32D65CF36009984B2 /* ToDoDoList */,
			);
		};
/* End PBXProject section */

/* Begin PBXResourcesBuildPhase section */
		C31C03B22D65CF36009984B2 /* Resources */ = {
			isa = PBXResourcesBuildPhase;
			buildActionMask = 2147483647;
			files = (
				C358A8862D6C647900FF246E /* confetti.json in Resources */,
				C358A8882D6C648600FF246E /* bomb.json in Resources */,
				C3695CEE2D6F3C5300BB355A /* success.json in Resources */,
				C37B824B2D79B700005253AB /* darkLight.json in Resources */,
			);
			runOnlyForDeploymentPostprocessing = 0;
		};
/* End PBXResourcesBuildPhase section */

/* Begin PBXSourcesBuildPhase section */
		C31C03B02D65CF36009984B2 /* Sources */ = {
			isa = PBXSourcesBuildPhase;
			buildActionMask = 2147483647;
			files = (
				C32AF9F52D676D8F000EFFE0 /* TaskManager.swift in Sources */,
				C32AF9C42D6632A1000EFFE0 /* ToDoDoList.xcdatamodeld in Sources */,
			);
			runOnlyForDeploymentPostprocessing = 0;
		};
/* End PBXSourcesBuildPhase section */

/* Begin XCBuildConfiguration section */
		C31C03CB2D65CF37009984B2 /* Debug */ = {
			isa = XCBuildConfiguration;
			buildSettings = {
				ASSETCATALOG_COMPILER_APPICON_NAME = AppIcon;
				ASSETCATALOG_COMPILER_GLOBAL_ACCENT_COLOR_NAME = AccentColor;
				CODE_SIGN_STYLE = Automatic;
				CURRENT_PROJECT_VERSION = 1;
				DEVELOPMENT_TEAM = 5NNTQS3VMB;
				GENERATE_INFOPLIST_FILE = YES;
				INFOPLIST_FILE = ToDoDoList/Info.plist;
				INFOPLIST_KEY_UIApplicationSupportsIndirectInputEvents = YES;
				INFOPLIST_KEY_UILaunchStoryboardName = LaunchScreen;
				INFOPLIST_KEY_UIMainStoryboardFile = Main;
				INFOPLIST_KEY_UISupportedInterfaceOrientations_iPad = "UIInterfaceOrientationPortrait UIInterfaceOrientationPortraitUpsideDown UIInterfaceOrientationLandscapeLeft UIInterfaceOrientationLandscapeRight";
				INFOPLIST_KEY_UISupportedInterfaceOrientations_iPhone = "UIInterfaceOrientationPortrait UIInterfaceOrientationLandscapeLeft UIInterfaceOrientationLandscapeRight";
				IPHONEOS_DEPLOYMENT_TARGET = 15.6;
				LD_RUNPATH_SEARCH_PATHS = (
					"$(inherited)",
					"@executable_path/Frameworks",
				);
				MARKETING_VERSION = 1.0;
				PRODUCT_BUNDLE_IDENTIFIER = "emre-orhan.ToDoDoList";
				PRODUCT_NAME = "$(TARGET_NAME)";
				SWIFT_EMIT_LOC_STRINGS = YES;
				SWIFT_VERSION = 5.0;
				TARGETED_DEVICE_FAMILY = "1,2";
			};
			name = Debug;
		};
		C31C03CC2D65CF37009984B2 /* Release */ = {
			isa = XCBuildConfiguration;
			buildSettings = {
				ASSETCATALOG_COMPILER_APPICON_NAME = AppIcon;
				ASSETCATALOG_COMPILER_GLOBAL_ACCENT_COLOR_NAME = AccentColor;
				CODE_SIGN_STYLE = Automatic;
				CURRENT_PROJECT_VERSION = 1;
				DEVELOPMENT_TEAM = 5NNTQS3VMB;
				GENERATE_INFOPLIST_FILE = YES;
				INFOPLIST_FILE = ToDoDoList/Info.plist;
				INFOPLIST_KEY_UIApplicationSupportsIndirectInputEvents = YES;
				INFOPLIST_KEY_UILaunchStoryboardName = LaunchScreen;
				INFOPLIST_KEY_UIMainStoryboardFile = Main;
				INFOPLIST_KEY_UISupportedInterfaceOrientations_iPad = "UIInterfaceOrientationPortrait UIInterfaceOrientationPortraitUpsideDown UIInterfaceOrientationLandscapeLeft UIInterfaceOrientationLandscapeRight";
				INFOPLIST_KEY_UISupportedInterfaceOrientations_iPhone = "UIInterfaceOrientationPortrait UIInterfaceOrientationLandscapeLeft UIInterfaceOrientationLandscapeRight";
				IPHONEOS_DEPLOYMENT_TARGET = 15.6;
				LD_RUNPATH_SEARCH_PATHS = (
					"$(inherited)",
					"@executable_path/Frameworks",
				);
				MARKETING_VERSION = 1.0;
				PRODUCT_BUNDLE_IDENTIFIER = "emre-orhan.ToDoDoList";
				PRODUCT_NAME = "$(TARGET_NAME)";
				SWIFT_EMIT_LOC_STRINGS = YES;
				SWIFT_VERSION = 5.0;
				TARGETED_DEVICE_FAMILY = "1,2";
			};
			name = Release;
		};
		C31C03CD2D65CF37009984B2 /* Debug */ = {
			isa = XCBuildConfiguration;
			buildSettings = {
				ALWAYS_SEARCH_USER_PATHS = NO;
				ASSETCATALOG_COMPILER_GENERATE_SWIFT_ASSET_SYMBOL_EXTENSIONS = YES;
				CLANG_ANALYZER_NONNULL = YES;
				CLANG_ANALYZER_NUMBER_OBJECT_CONVERSION = YES_AGGRESSIVE;
				CLANG_CXX_LANGUAGE_STANDARD = "gnu++20";
				CLANG_ENABLE_MODULES = YES;
				CLANG_ENABLE_OBJC_ARC = YES;
				CLANG_ENABLE_OBJC_WEAK = YES;
				CLANG_WARN_BLOCK_CAPTURE_AUTORELEASING = YES;
				CLANG_WARN_BOOL_CONVERSION = YES;
				CLANG_WARN_COMMA = YES;
				CLANG_WARN_CONSTANT_CONVERSION = YES;
				CLANG_WARN_DEPRECATED_OBJC_IMPLEMENTATIONS = YES;
				CLANG_WARN_DIRECT_OBJC_ISA_USAGE = YES_ERROR;
				CLANG_WARN_DOCUMENTATION_COMMENTS = YES;
				CLANG_WARN_EMPTY_BODY = YES;
				CLANG_WARN_ENUM_CONVERSION = YES;
				CLANG_WARN_INFINITE_RECURSION = YES;
				CLANG_WARN_INT_CONVERSION = YES;
				CLANG_WARN_NON_LITERAL_NULL_CONVERSION = YES;
				CLANG_WARN_OBJC_IMPLICIT_RETAIN_SELF = YES;
				CLANG_WARN_OBJC_LITERAL_CONVERSION = YES;
				CLANG_WARN_OBJC_ROOT_CLASS = YES_ERROR;
				CLANG_WARN_QUOTED_INCLUDE_IN_FRAMEWORK_HEADER = YES;
				CLANG_WARN_RANGE_LOOP_ANALYSIS = YES;
				CLANG_WARN_STRICT_PROTOTYPES = YES;
				CLANG_WARN_SUSPICIOUS_MOVE = YES;
				CLANG_WARN_UNGUARDED_AVAILABILITY = YES_AGGRESSIVE;
				CLANG_WARN_UNREACHABLE_CODE = YES;
				CLANG_WARN__DUPLICATE_METHOD_MATCH = YES;
				COPY_PHASE_STRIP = NO;
				DEBUG_INFORMATION_FORMAT = dwarf;
				ENABLE_STRICT_OBJC_MSGSEND = YES;
				ENABLE_TESTABILITY = YES;
				ENABLE_USER_SCRIPT_SANDBOXING = YES;
				GCC_C_LANGUAGE_STANDARD = gnu17;
				GCC_DYNAMIC_NO_PIC = NO;
				GCC_NO_COMMON_BLOCKS = YES;
				GCC_OPTIMIZATION_LEVEL = 0;
				GCC_PREPROCESSOR_DEFINITIONS = (
					"DEBUG=1",
					"$(inherited)",
				);
				GCC_WARN_64_TO_32_BIT_CONVERSION = YES;
				GCC_WARN_ABOUT_RETURN_TYPE = YES_ERROR;
				GCC_WARN_UNDECLARED_SELECTOR = YES;
				GCC_WARN_UNINITIALIZED_AUTOS = YES_AGGRESSIVE;
				GCC_WARN_UNUSED_FUNCTION = YES;
				GCC_WARN_UNUSED_VARIABLE = YES;
				IPHONEOS_DEPLOYMENT_TARGET = 18.1;
				LOCALIZATION_PREFERS_STRING_CATALOGS = YES;
				MTL_ENABLE_DEBUG_INFO = INCLUDE_SOURCE;
				MTL_FAST_MATH = YES;
				ONLY_ACTIVE_ARCH = YES;
				SDKROOT = iphoneos;
				SWIFT_ACTIVE_COMPILATION_CONDITIONS = "DEBUG $(inherited)";
				SWIFT_OPTIMIZATION_LEVEL = "-Onone";
			};
			name = Debug;
		};
		C31C03CE2D65CF37009984B2 /* Release */ = {
			isa = XCBuildConfiguration;
			buildSettings = {
				ALWAYS_SEARCH_USER_PATHS = NO;
				ASSETCATALOG_COMPILER_GENERATE_SWIFT_ASSET_SYMBOL_EXTENSIONS = YES;
				CLANG_ANALYZER_NONNULL = YES;
				CLANG_ANALYZER_NUMBER_OBJECT_CONVERSION = YES_AGGRESSIVE;
				CLANG_CXX_LANGUAGE_STANDARD = "gnu++20";
				CLANG_ENABLE_MODULES = YES;
				CLANG_ENABLE_OBJC_ARC = YES;
				CLANG_ENABLE_OBJC_WEAK = YES;
				CLANG_WARN_BLOCK_CAPTURE_AUTORELEASING = YES;
				CLANG_WARN_BOOL_CONVERSION = YES;
				CLANG_WARN_COMMA = YES;
				CLANG_WARN_CONSTANT_CONVERSION = YES;
				CLANG_WARN_DEPRECATED_OBJC_IMPLEMENTATIONS = YES;
				CLANG_WARN_DIRECT_OBJC_ISA_USAGE = YES_ERROR;
				CLANG_WARN_DOCUMENTATION_COMMENTS = YES;
				CLANG_WARN_EMPTY_BODY = YES;
				CLANG_WARN_ENUM_CONVERSION = YES;
				CLANG_WARN_INFINITE_RECURSION = YES;
				CLANG_WARN_INT_CONVERSION = YES;
				CLANG_WARN_NON_LITERAL_NULL_CONVERSION = YES;
				CLANG_WARN_OBJC_IMPLICIT_RETAIN_SELF = YES;
				CLANG_WARN_OBJC_LITERAL_CONVERSION = YES;
				CLANG_WARN_OBJC_ROOT_CLASS = YES_ERROR;
				CLANG_WARN_QUOTED_INCLUDE_IN_FRAMEWORK_HEADER = YES;
				CLANG_WARN_RANGE_LOOP_ANALYSIS = YES;
				CLANG_WARN_STRICT_PROTOTYPES = YES;
				CLANG_WARN_SUSPICIOUS_MOVE = YES;
				CLANG_WARN_UNGUARDED_AVAILABILITY = YES_AGGRESSIVE;
				CLANG_WARN_UNREACHABLE_CODE = YES;
				CLANG_WARN__DUPLICATE_METHOD_MATCH = YES;
				COPY_PHASE_STRIP = NO;
				DEBUG_INFORMATION_FORMAT = "dwarf-with-dsym";
				ENABLE_NS_ASSERTIONS = NO;
				ENABLE_STRICT_OBJC_MSGSEND = YES;
				ENABLE_USER_SCRIPT_SANDBOXING = YES;
				GCC_C_LANGUAGE_STANDARD = gnu17;
				GCC_NO_COMMON_BLOCKS = YES;
				GCC_WARN_64_TO_32_BIT_CONVERSION = YES;
				GCC_WARN_ABOUT_RETURN_TYPE = YES_ERROR;
				GCC_WARN_UNDECLARED_SELECTOR = YES;
				GCC_WARN_UNINITIALIZED_AUTOS = YES_AGGRESSIVE;
				GCC_WARN_UNUSED_FUNCTION = YES;
				GCC_WARN_UNUSED_VARIABLE = YES;
				IPHONEOS_DEPLOYMENT_TARGET = 18.1;
				LOCALIZATION_PREFERS_STRING_CATALOGS = YES;
				MTL_ENABLE_DEBUG_INFO = NO;
				MTL_FAST_MATH = YES;
				SDKROOT = iphoneos;
				SWIFT_COMPILATION_MODE = wholemodule;
				VALIDATE_PRODUCT = YES;
			};
			name = Release;
		};
/* End XCBuildConfiguration section */

/* Begin XCConfigurationList section */
		C31C03AF2D65CF36009984B2 /* Build configuration list for PBXProject "ToDoDoList" */ = {
			isa = XCConfigurationList;
			buildConfigurations = (
				C31C03CD2D65CF37009984B2 /* Debug */,
				C31C03CE2D65CF37009984B2 /* Release */,
			);
			defaultConfigurationIsVisible = 0;
			defaultConfigurationName = Release;
		};
		C31C03CA2D65CF37009984B2 /* Build configuration list for PBXNativeTarget "ToDoDoList" */ = {
			isa = XCConfigurationList;
			buildConfigurations = (
				C31C03CB2D65CF37009984B2 /* Debug */,
				C31C03CC2D65CF37009984B2 /* Release */,
			);
			defaultConfigurationIsVisible = 0;
			defaultConfigurationName = Release;
		};
/* End XCConfigurationList section */

/* Begin XCRemoteSwiftPackageReference section */
		C358A87C2D68ABF400FF246E /* XCRemoteSwiftPackageReference "lottie-ios" */ = {
			isa = XCRemoteSwiftPackageReference;
			repositoryURL = "https://github.com/airbnb/lottie-ios.git";
			requirement = {
				kind = upToNextMajorVersion;
				minimumVersion = 4.5.1;
			};
		};
/* End XCRemoteSwiftPackageReference section */

/* Begin XCSwiftPackageProductDependency section */
		C358A87D2D68ABF400FF246E /* Lottie */ = {
			isa = XCSwiftPackageProductDependency;
			package = C358A87C2D68ABF400FF246E /* XCRemoteSwiftPackageReference "lottie-ios" */;
			productName = Lottie;
		};
/* End XCSwiftPackageProductDependency section */

/* Begin XCVersionGroup section */
		C32AF9BE2D6632A1000EFFE0 /* ToDoDoList.xcdatamodeld */ = {
			isa = XCVersionGroup;
			children = (
				C32AF9C12D6632A1000EFFE0 /* ToDoDoList.xcdatamodel */,
			);
			currentVersion = C32AF9C12D6632A1000EFFE0 /* ToDoDoList.xcdatamodel */;
			path = ToDoDoList.xcdatamodeld;
			sourceTree = "<group>";
			versionGroupType = wrapper.xcdatamodel;
		};
/* End XCVersionGroup section */
	};
	rootObject = C31C03AC2D65CF36009984B2 /* Project object */;
}
